
Microsoft Visual Studio Solution File, Format Version 12.00
# Visual Studio Version 17
VisualStudioVersion = 17.9.34723.18
MinimumVisualStudioVersion = 10.0.40219.1
Project("{FAE04EC0-301F-11D3-BF4B-00C04F79EFBC}") = "Tetris_randome2", "Tetris_randome2\Tetris_randome2.csproj", "{28821469-9E9E-49A1-9A13-1EE0BAC7360F}"
EndProject
Global
	GlobalSection(SolutionConfigurationPlatforms) = preSolution
		Debug|Any CPU = Debug|Any CPU
		Release|Any CPU = Release|Any CPU
	EndGlobalSection
	GlobalSection(ProjectConfigurationPlatforms) = postSolution
		{28821469-9E9E-49A1-9A13-1EE0BAC7360F}.Debug|Any CPU.ActiveCfg = Debug|Any CPU
		{28821469-9E9E-49A1-9A13-1EE0BAC7360F}.Debug|Any CPU.Build.0 = Debug|Any CPU
		{28821469-9E9E-49A1-9A13-1EE0BAC7360F}.Release|Any CPU.ActiveCfg = Release|Any CPU
		{28821469-9E9E-49A1-9A13-1EE0BAC7360F}.Release|Any CPU.Build.0 = Release|Any CPU
	EndGlobalSection
	GlobalSection(SolutionProperties) = preSolution
		HideSolutionNode = FALSE
	EndGlobalSection
	GlobalSection(ExtensibilityGlobals) = postSolution
		SolutionGuid = {59E932B7-2402-4ED1-9CEC-4E6FA9266E03}
	EndGlobalSection
EndGlobal
